
Microsoft Visual Studio Solution File, Format Version 12.00
# Visual Studio Version 16
VisualStudioVersion = 16.0.30523.141
MinimumVisualStudioVersion = 10.0.40219.1
Project("{FAE04EC0-301F-11D3-BF4B-00C04F79EFBC}") = "AIMTEST", "AIMTEST\AIMTEST.csproj", "{D24A4139-A553-4984-B274-406F3D0B9213}"
EndProject
Global
	GlobalSection(SolutionConfigurationPlatforms) = preSolution
		Debug|Any CPU = Debug|Any CPU
		Release|Any CPU = Release|Any CPU
	EndGlobalSection
	GlobalSection(ProjectConfigurationPlatforms) = postSolution
		{D24A4139-A553-4984-B274-406F3D0B9213}.Debug|Any CPU.ActiveCfg = Debug|Any CPU
		{D24A4139-A553-4984-B274-406F3D0B9213}.Debug|Any CPU.Build.0 = Debug|Any CPU
		{D24A4139-A553-4984-B274-406F3D0B9213}.Release|Any CPU.ActiveCfg = Release|Any CPU
		{D24A4139-A553-4984-B274-406F3D0B9213}.Release|Any CPU.Build.0 = Release|Any CPU
	EndGlobalSection
	GlobalSection(SolutionProperties) = preSolution
		HideSolutionNode = FALSE
	EndGlobalSection
	GlobalSection(ExtensibilityGlobals) = postSolution
		SolutionGuid = {97542C21-B209-48B6-B60A-124CC3892E45}
	EndGlobalSection
EndGlobal
